
Microsoft Visual Studio Solution File, Format Version 12.00
# Visual Studio Version 17
VisualStudioVersion = 17.8.34330.188
MinimumVisualStudioVersion = 10.0.40219.1
Project("{FAE04EC0-301F-11D3-BF4B-00C04F79EFBC}") = "Exceptions", "Exceptions\Exceptions.csproj", "{CC10E5B9-6BCF-42DE-82BD-61DBBBC0D951}"
EndProject
Global
	GlobalSection(SolutionConfigurationPlatforms) = preSolution
		Debug|Any CPU = Debug|Any CPU
		Release|Any CPU = Release|Any CPU
	EndGlobalSection
	GlobalSection(ProjectConfigurationPlatforms) = postSolution
		{CC10E5B9-6BCF-42DE-82BD-61DBBBC0D951}.Debug|Any CPU.ActiveCfg = Debug|Any CPU
		{CC10E5B9-6BCF-42DE-82BD-61DBBBC0D951}.Debug|Any CPU.Build.0 = Debug|Any CPU
		{CC10E5B9-6BCF-42DE-82BD-61DBBBC0D951}.Release|Any CPU.ActiveCfg = Release|Any CPU
		{CC10E5B9-6BCF-42DE-82BD-61DBBBC0D951}.Release|Any CPU.Build.0 = Release|Any CPU
	EndGlobalSection
	GlobalSection(SolutionProperties) = preSolution
		HideSolutionNode = FALSE
	EndGlobalSection
	GlobalSection(ExtensibilityGlobals) = postSolution
		SolutionGuid = {F52D5278-4E37-4C98-92AD-FD8CD323D0DA}
	EndGlobalSection
EndGlobal
